
Microsoft Visual Studio Solution File, Format Version 12.00
# Visual Studio 15
Project("{FAE04EC0-301F-11D3-BF4B-00C04F79EFBC}") = "Scripts", "Scripts.csproj", "{91281A2B-49A5-5F98-CA34-EDA01B1A5BCF}"
EndProject
Project("{FAE04EC0-301F-11D3-BF4B-00C04F79EFBC}") = "LeanTween", "LeanTween.csproj", "{562DCF70-8ED2-1775-935A-2B7AD39DFFAD}"
EndProject
Project("{FAE04EC0-301F-11D3-BF4B-00C04F79EFBC}") = "Assembly-CSharp-Editor", "Assembly-CSharp-Editor.csproj", "{ADBAB034-97BA-E050-225D-F29B9D0710D5}"
EndProject
Global
	GlobalSection(SolutionConfigurationPlatforms) = preSolution
		Debug|Any CPU = Debug|Any CPU
		Release|Any CPU = Release|Any CPU
	EndGlobalSection
	GlobalSection(ProjectConfigurationPlatforms) = postSolution
		{91281A2B-49A5-5F98-CA34-EDA01B1A5BCF}.Debug|Any CPU.ActiveCfg = Debug|Any CPU
		{91281A2B-49A5-5F98-CA34-EDA01B1A5BCF}.Debug|Any CPU.Build.0 = Debug|Any CPU
		{91281A2B-49A5-5F98-CA34-EDA01B1A5BCF}.Release|Any CPU.ActiveCfg = Release|Any CPU
		{91281A2B-49A5-5F98-CA34-EDA01B1A5BCF}.Release|Any CPU.Build.0 = Release|Any CPU
		{562DCF70-8ED2-1775-935A-2B7AD39DFFAD}.Debug|Any CPU.ActiveCfg = Debug|Any CPU
		{562DCF70-8ED2-1775-935A-2B7AD39DFFAD}.Debug|Any CPU.Build.0 = Debug|Any CPU
		{562DCF70-8ED2-1775-935A-2B7AD39DFFAD}.Release|Any CPU.ActiveCfg = Release|Any CPU
		{562DCF70-8ED2-1775-935A-2B7AD39DFFAD}.Release|Any CPU.Build.0 = Release|Any CPU
		{ADBAB034-97BA-E050-225D-F29B9D0710D5}.Debug|Any CPU.ActiveCfg = Debug|Any CPU
		{ADBAB034-97BA-E050-225D-F29B9D0710D5}.Debug|Any CPU.Build.0 = Debug|Any CPU
		{ADBAB034-97BA-E050-225D-F29B9D0710D5}.Release|Any CPU.ActiveCfg = Release|Any CPU
		{ADBAB034-97BA-E050-225D-F29B9D0710D5}.Release|Any CPU.Build.0 = Release|Any CPU
	EndGlobalSection
	GlobalSection(SolutionProperties) = preSolution
		HideSolutionNode = FALSE
	EndGlobalSection
EndGlobal
