
Microsoft Visual Studio Solution File, Format Version 12.00
# Visual Studio 15
Project("{FAE04EC0-301F-11D3-BF4B-00C04F79EFBC}") = "Scripts", "Scripts.csproj", "{DF203942-C678-AFC3-895B-EC33D496C8AF}"
EndProject
Project("{FAE04EC0-301F-11D3-BF4B-00C04F79EFBC}") = "LeanTween", "LeanTween.csproj", "{FD279851-20C0-889F-0514-F1F36F487335}"
EndProject
Project("{FAE04EC0-301F-11D3-BF4B-00C04F79EFBC}") = "Assembly-CSharp-Editor", "Assembly-CSharp-Editor.csproj", "{8471F1D0-4DE6-6A65-79B5-FD935EAEABEF}"
EndProject
Global
	GlobalSection(SolutionConfigurationPlatforms) = preSolution
		Debug|Any CPU = Debug|Any CPU
		Release|Any CPU = Release|Any CPU
	EndGlobalSection
	GlobalSection(ProjectConfigurationPlatforms) = postSolution
		{DF203942-C678-AFC3-895B-EC33D496C8AF}.Debug|Any CPU.ActiveCfg = Debug|Any CPU
		{DF203942-C678-AFC3-895B-EC33D496C8AF}.Debug|Any CPU.Build.0 = Debug|Any CPU
		{DF203942-C678-AFC3-895B-EC33D496C8AF}.Release|Any CPU.ActiveCfg = Release|Any CPU
		{DF203942-C678-AFC3-895B-EC33D496C8AF}.Release|Any CPU.Build.0 = Release|Any CPU
		{FD279851-20C0-889F-0514-F1F36F487335}.Debug|Any CPU.ActiveCfg = Debug|Any CPU
		{FD279851-20C0-889F-0514-F1F36F487335}.Debug|Any CPU.Build.0 = Debug|Any CPU
		{FD279851-20C0-889F-0514-F1F36F487335}.Release|Any CPU.ActiveCfg = Release|Any CPU
		{FD279851-20C0-889F-0514-F1F36F487335}.Release|Any CPU.Build.0 = Release|Any CPU
		{8471F1D0-4DE6-6A65-79B5-FD935EAEABEF}.Debug|Any CPU.ActiveCfg = Debug|Any CPU
		{8471F1D0-4DE6-6A65-79B5-FD935EAEABEF}.Debug|Any CPU.Build.0 = Debug|Any CPU
		{8471F1D0-4DE6-6A65-79B5-FD935EAEABEF}.Release|Any CPU.ActiveCfg = Release|Any CPU
		{8471F1D0-4DE6-6A65-79B5-FD935EAEABEF}.Release|Any CPU.Build.0 = Release|Any CPU
	EndGlobalSection
	GlobalSection(SolutionProperties) = preSolution
		HideSolutionNode = FALSE
	EndGlobalSection
EndGlobal
